github.com/MicahParks/jwkset v0.5.19 h1:XZCsgJv05DBCvxEHYEHlSafqiuVn5ESG0VRB331Fxhw=
github.com/MicahParks/keyfunc/v3 v3.3.5 h1:7ceAJLUAldnoueHDNzF8Bx06oVcQ5CfJnYwNt1U3YYo=
github.com/golang-jwt/jwt/v5 v5.2.1 h1:OuVbFODueb089Lh128TAcimifWaLhJwVflnrgM17wHk=
golang.org/x/time v0.6.0 h1:eTDhh4ZXt5Qf0augr54TN6suAUudPcawVZeIAPU7D4U=
